{
    "_meta": {
        "hash": {
            "sha256": "5c16564fc1482e4d47849d12f082cf5a47e8dae296295dd0ed3c97246c6fee19"
        },
        "pipfile-spec": 6,
        "requires": {
            "python_version": "3.8"
        },
        "sources": [
            {
                "name": "pypi",
                "url": "https://pypi.org/simple",
                "verify_ssl": true
            }
        ]
    },
    "default": {
        "cycler": {
            "hashes": [
                "sha256:3a27e95f763a428a739d2add979fa7494c912a32c17c4c38c4d5f082cad165a3",
                "sha256:9c87405839a19696e837b3b818fed3f5f69f16f1eec1a1ad77e043dcea9c772f"
            ],
            "markers": "python_version >= '3.6'",
            "version": "==0.11.0"
        },
        "kiwisolver": {
            "hashes": [
                "sha256:007799c7fa934646318fc128b033bb6e6baabe7fbad521bfb2279aac26225cd7",
                "sha256:130c6c35eded399d3967cf8a542c20b671f5ba85bd6f210f8b939f868360e9eb",
                "sha256:1858ad3cb686eccc7c6b7c5eac846a1cfd45aacb5811b2cf575e80b208f5622a",
                "sha256:1ae7aa0784aeadfbd693c27993727792fbe1455b84d49970bad5886b42976b18",
                "sha256:1d2c744aeedce22c122bb42d176b4aa6d063202a05a4abdacb3e413c214b3694",
                "sha256:21a3a98f0a21fc602663ca9bce2b12a4114891bdeba2dea1e9ad84db59892fca",
                "sha256:22ccba48abae827a0f952a78a7b1a7ff01866131e5bbe1f826ce9bda406bf051",
                "sha256:26b5a70bdab09e6a2f40babc4f8f992e3771751e144bda1938084c70d3001c09",
                "sha256:2d76780d9c65c7529cedd49fa4802d713e60798d8dc3b0d5b12a0a8f38cca51c",
                "sha256:325fa1b15098e44fe4590a6c5c09a212ca10c6ebb5d96f7447d675f6c8340e4e",
                "sha256:3a297d77b3d6979693f5948df02b89431ae3645ec95865e351fb45578031bdae",
                "sha256:3b1dcbc49923ac3c973184a82832e1f018dec643b1e054867d04a3a22255ec6a",
                "sha256:40240da438c0ebfe2aa76dd04b844effac6679423df61adbe3437d32f23468d9",
                "sha256:46c6e5018ba31d5ee7582f323d8661498a154dea1117486a571db4c244531f24",
                "sha256:46fb56fde006b7ef5f8eaa3698299b0ea47444238b869ff3ced1426aa9fedcb5",
                "sha256:4dc350cb65fe4e3f737d50f0465fa6ea0dcae0e5722b7edf5d5b0a0e3cd2c3c7",
                "sha256:51078855a16b7a4984ed2067b54e35803d18bca9861cb60c60f6234b50869a56",
                "sha256:547111ef7cf13d73546c2de97ce434935626c897bdec96a578ca100b5fcd694b",
                "sha256:5fb73cc8a34baba1dfa546ae83b9c248ef6150c238b06fc53d2773685b67ec67",
                "sha256:654280c5f41831ddcc5a331c0e3ce2e480bbc3d7c93c18ecf6236313aae2d61a",
                "sha256:6b3136eecf7e1b4a4d23e4b19d6c4e7a8e0b42d55f30444e3c529700cdacaa0d",
                "sha256:7118ca592d25b2957ff7b662bc0fe4f4c2b5d5b27814b9b1bc9f2fb249a970e7",
                "sha256:71af5b43e4fa286a35110fc5bb740fdeae2b36ca79fbcf0a54237485baeee8be",
                "sha256:747190fcdadc377263223f8f72b038381b3b549a8a3df5baf4d067da4749b046",
                "sha256:8395064d63b26947fa2c9faeea9c3eee35e52148c5339c37987e1d96fbf009b3",
                "sha256:84f85adfebd7d3c3db649efdf73659e1677a2cf3fa6e2556a3f373578af14bf7",
                "sha256:86bcf0009f2012847a688f2f4f9b16203ca4c835979a02549aa0595d9f457cc8",
                "sha256:ab8a15c2750ae8d53e31f77a94f846d0a00772240f1c12817411fa2344351f86",
                "sha256:af24b21c2283ca69c416a8a42cde9764dc36c63d3389645d28c69b0e93db3cd7",
                "sha256:afe173ac2646c2636305ab820cc0380b22a00a7bca4290452e7166b4f4fa49d0",
                "sha256:b9eb88593159a53a5ee0b0159daee531ff7dd9c87fa78f5d807ca059c7eb1b2b",
                "sha256:c16635f8dddbeb1b827977d0b00d07b644b040aeb9ff8607a9fc0997afa3e567",
                "sha256:ca3eefb02ef17257fae8b8555c85e7c1efdfd777f671384b0e4ef27409b02720",
                "sha256:caa59e2cae0e23b1e225447d7a9ddb0f982f42a6a22d497a484dfe62a06f7c0e",
                "sha256:cb55258931448d61e2d50187de4ee66fc9d9f34908b524949b8b2b93d0c57136",
                "sha256:d248c46c0aa406695bda2abf99632db991f8b3a6d46018721a2892312a99f069",
                "sha256:d2578e5149ff49878934debfacf5c743fab49eca5ecdb983d0b218e1e554c498",
                "sha256:dd22085446f3eca990d12a0878eeb5199dc9553b2e71716bfe7bed9915a472ab",
                "sha256:e7cf940af5fee00a92e281eb157abe8770227a5255207818ea9a34e54a29f5b2",
                "sha256:f70f3d028794e31cf9d1a822914efc935aadb2438ec4e8d4871d95eb1ce032d6",
                "sha256:fd2842a0faed9ab9aba0922c951906132d9384be89690570f0ed18cd4f20e658",
                "sha256:fd628e63ffdba0112e3ddf1b1e9f3db29dd8262345138e08f4938acbc6d0805a",
                "sha256:ffd7cf165ff71afb202b3f36daafbf298932bee325aac9f58e1c9cd55838bef0"
            ],
            "markers": "python_version >= '3.7'",
            "version": "==1.4.3"
        },
        "matplotlib": {
            "hashes": [
                "sha256:09b4096748178bcc764b81587b00ab720eac24965d2bf44ecbe09dcf4e8ed253",
                "sha256:19cf4db0272da286863a50406f6430101af129f288c421b1a7f33ddfc8d0180f",
                "sha256:244a9088140a4c540e0a2db9c8ada5ad12520efded592a46e5bc43ff8f0fd0aa",
                "sha256:24e8db94948019d531ce0bcd637ac24b1c8f6744ac86d2aa0eb6dbaeb1386f82",
                "sha256:2a9d10930406748b50f60c5fa74c399a1c1080aa6ce6e3fe5f38473b02f6f06d",
                "sha256:605e4d43b421524ad955a56535391e02866d07bce27c644e2c99e25fb59d63d1",
                "sha256:695b4165520bdfe381d15a6db03778babb265fee7affdc43e169a881f3f329bc",
                "sha256:6aa7ea00ad7d898704ffed46e83efd7ec985beba57f507c957979f080678b9ea",
                "sha256:7c9adba58a67d23cc131c4189da56cb1d0f18a237c43188d831a44e4fc5df15a",
                "sha256:7ce8f5364c74aac06abad84d8744d659bd86036e86c4ebf14c75ae4292597b46",
                "sha256:855bb281f3cc8e23ef66064a2beb229674fdf785638091fc82a172e3e84c2780",
                "sha256:9ccc651261b7044ffc3b1e2f9af17b1ef4c6a12fc080b5a7353ef0b53a50be28",
                "sha256:b0786ac32983191fcd9cc0230b4ec2f8b3c25dee9beca46ca506c5d6cc5c593d",
                "sha256:bf8d527a2eb9a5db1c9e5e405d1b1c4e66be983620c9ce80af6aae430d9a0c9c",
                "sha256:c06ea133b44805d42f2507cb3503f6647b0c7918f1900b5063f5a8a69c63f6d2",
                "sha256:c1f850908600efa60f81ad14eedbaf7cb17185a2c6d26586ae826ae5ce21f6e0",
                "sha256:cef05e9a2302f96d6f0666ee70ac7715cbc12e3802d8b8eb80bacd6ab81a0a24",
                "sha256:e3868686f3023644523df486fc224b0af4349f3cdb933b0a71f261a574d7b65f",
                "sha256:ebb6168c9330309b1f3360d36c481d8cd621a490cf2a69c9d6625b2a76777c12",
                "sha256:f74c39621b03cec7bc08498f140192ac26ca940ef20beac6dfad3714d2298b2a",
                "sha256:f9753c6292d5a1fe46828feb38d1de1820e3ea109a5fea0b6ea1dca6e9d0b220"
            ],
            "index": "pypi",
            "version": "==3.3.0"
        },
        "numpy": {
            "hashes": [
                "sha256:0cfe07133fd00b27edee5e6385e333e9eeb010607e8a46e1cd673f05f8596595",
                "sha256:11a1f3816ea82eed4178102c56281782690ab5993251fdfd75039aad4d20385f",
                "sha256:2762331de395739c91f1abb88041f94a080cb1143aeec791b3b223976228af3f",
                "sha256:283d9de87c0133ef98f93dfc09fad3fb382f2a15580de75c02b5bb36a5a159a5",
                "sha256:3d22662b4b10112c545c91a0741f2436f8ca979ab3d69d03d19322aa970f9695",
                "sha256:41388e32e40b41dd56eb37fcaa7488b2b47b0adf77c66154d6b89622c110dfe9",
                "sha256:42c16cec1c8cf2728f1d539bd55aaa9d6bb48a7de2f41eb944697293ef65a559",
                "sha256:47ee7a839f5885bc0c63a74aabb91f6f40d7d7b639253768c4199b37aede7982",
                "sha256:5a311ee4d983c487a0ab546708edbdd759393a3dc9cd30305170149fedd23c88",
                "sha256:5dc65644f75a4c2970f21394ad8bea1a844104f0fe01f278631be1c7eae27226",
                "sha256:6ed0d073a9c54ac40c41a9c2d53fcc3d4d4ed607670b9e7b0de1ba13b4cbfe6f",
                "sha256:76ba7c40e80f9dc815c5e896330700fd6e20814e69da9c1267d65a4d051080f1",
                "sha256:818b9be7900e8dc23e013a92779135623476f44a0de58b40c32a15368c01d471",
                "sha256:a024181d7aef0004d76fb3bce2a4c9f2e67a609a9e2a6ff2571d30e9976aa383",
                "sha256:a955e4128ac36797aaffd49ab44ec74a71c11d6938df83b1285492d277db5397",
                "sha256:a97a954a8c2f046d3817c2bce16e3c7e9a9c2afffaf0400f5c16df5172a67c9c",
                "sha256:a97e82c39d9856fe7d4f9b86d8a1e66eff99cf3a8b7ba48202f659703d27c46f",
                "sha256:b55b953a1bdb465f4dc181758570d321db4ac23005f90ffd2b434cc6609a63dd",
                "sha256:bb02929b0d6bfab4c48a79bd805bd7419114606947ec8284476167415171f55b",
                "sha256:bece0a4a49e60e472a6d1f70ac6cdea00f9ab80ff01132f96bd970cdd8a9e5a9",
                "sha256:e41e8951749c4b5c9a2dc5fdbc1a4eec6ab2a140fdae9b460b0f557eed870f4d",
                "sha256:f71d57cc8645f14816ae249407d309be250ad8de93ef61d9709b45a0ddf4050c"
            ],
            "index": "pypi",
            "version": "==1.22.0"
        },
        "pillow": {
            "hashes": [
                "sha256:088df396b047477dd1bbc7de6e22f58400dae2f21310d9e2ec2933b2ef7dfa4f",
                "sha256:09e67ef6e430f90caa093528bd758b0616f8165e57ed8d8ce014ae32df6a831d",
                "sha256:0b4d5ad2cd3a1f0d1df882d926b37dbb2ab6c823ae21d041b46910c8f8cd844b",
                "sha256:0b525a356680022b0af53385944026d3486fc8c013638cf9900eb87c866afb4c",
                "sha256:1d4331aeb12f6b3791911a6da82de72257a99ad99726ed6b63f481c0184b6fb9",
                "sha256:20d514c989fa28e73a5adbddd7a171afa5824710d0ab06d4e1234195d2a2e546",
                "sha256:2b291cab8a888658d72b575a03e340509b6b050b62db1f5539dd5cd18fd50578",
                "sha256:3f6c1716c473ebd1649663bf3b42702d0d53e27af8b64642be0dd3598c761fb1",
                "sha256:42dfefbef90eb67c10c45a73a9bc1599d4dac920f7dfcbf4ec6b80cb620757fe",
                "sha256:488f3383cf5159907d48d32957ac6f9ea85ccdcc296c14eca1a4e396ecc32098",
                "sha256:4d45dbe4b21a9679c3e8b3f7f4f42a45a7d3ddff8a4a16109dff0e1da30a35b2",
                "sha256:53c27bd452e0f1bc4bfed07ceb235663a1df7c74df08e37fd6b03eb89454946a",
                "sha256:55e74faf8359ddda43fee01bffbc5bd99d96ea508d8a08c527099e84eb708f45",
                "sha256:59789a7d06c742e9d13b883d5e3569188c16acb02eeed2510fd3bfdbc1bd1530",
                "sha256:5b650dbbc0969a4e226d98a0b440c2f07a850896aed9266b6fedc0f7e7834108",
                "sha256:66daa16952d5bf0c9d5389c5e9df562922a59bd16d77e2a276e575d32e38afd1",
                "sha256:6e760cf01259a1c0a50f3c845f9cad1af30577fd8b670339b1659c6d0e7a41dd",
                "sha256:7502539939b53d7565f3d11d87c78e7ec900d3c72945d4ee0e2f250d598309a0",
                "sha256:769a7f131a2f43752455cc72f9f7a093c3ff3856bf976c5fb53a59d0ccc704f6",
                "sha256:7c150dbbb4a94ea4825d1e5f2c5501af7141ea95825fadd7829f9b11c97aaf6c",
                "sha256:8844217cdf66eabe39567118f229e275f0727e9195635a15e0e4b9227458daaf",
                "sha256:8a66fe50386162df2da701b3722781cbe90ce043e7d53c1fd6bd801bca6b48d4",
                "sha256:9370d6744d379f2de5d7fa95cdbd3a4d92f0b0ef29609b4b1687f16bc197063d",
                "sha256:937a54e5694684f74dcbf6e24cc453bfc5b33940216ddd8f4cd8f0f79167f765",
                "sha256:9c857532c719fb30fafabd2371ce9b7031812ff3889d75273827633bca0c4602",
                "sha256:a4165205a13b16a29e1ac57efeee6be2dfd5b5408122d59ef2145bc3239fa340",
                "sha256:b3fe2ff1e1715d4475d7e2c3e8dabd7c025f4410f79513b4ff2de3d51ce0fa9c",
                "sha256:b6617221ff08fbd3b7a811950b5c3f9367f6e941b86259843eab77c8e3d2b56b",
                "sha256:b761727ed7d593e49671d1827044b942dd2f4caae6e51bab144d4accf8244a84",
                "sha256:baf3be0b9446a4083cc0c5bb9f9c964034be5374b5bc09757be89f5d2fa247b8",
                "sha256:c17770a62a71718a74b7548098a74cd6880be16bcfff5f937f900ead90ca8e92",
                "sha256:c67db410508b9de9c4694c57ed754b65a460e4812126e87f5052ecf23a011a54",
                "sha256:d78ca526a559fb84faaaf84da2dd4addef5edb109db8b81677c0bb1aad342601",
                "sha256:e9ed59d1b6ee837f4515b9584f3d26cf0388b742a11ecdae0d9237a94505d03a",
                "sha256:f054b020c4d7e9786ae0404278ea318768eb123403b18453e28e47cdb7a0a4bf",
                "sha256:f372d0f08eff1475ef426344efe42493f71f377ec52237bf153c5713de987251",
                "sha256:f3f6a6034140e9e17e9abc175fc7a266a6e63652028e157750bd98e804a8ed9a",
                "sha256:ffde4c6fabb52891d81606411cbfaf77756e3b561b566efd270b3ed3791fde4e"
            ],
            "markers": "python_version >= '3.7'",
            "version": "==9.1.1"
        },
        "pyparsing": {
            "hashes": [
                "sha256:2b020ecf7d21b687f219b71ecad3631f644a47f01403fa1d1036b0c6416d70fb",
                "sha256:5026bae9a10eeaefb61dab2f09052b9f4307d44aee4eda64b309723d8d206bbc"
            ],
            "markers": "python_full_version >= '3.6.8'",
            "version": "==3.0.9"
        },
        "python-dateutil": {
            "hashes": [
                "sha256:0123cacc1627ae19ddf3c27a5de5bd67ee4586fbdd6440d9748f8abb483d3e86",
                "sha256:961d03dc3453ebbc59dbdea9e4e11c5651520a876d0f4db161e8674aae935da9"
            ],
            "markers": "python_version >= '2.7' and python_version not in '3.0, 3.1, 3.2, 3.3'",
            "version": "==2.8.2"
        },
        "scipy": {
            "hashes": [
                "sha256:039572f0ca9578a466683558c5bf1e65d442860ec6e13307d528749cfe6d07b8",
                "sha256:058e84930407927f71963a4ad8c1dc96c4d2d075636a68578195648c81f78810",
                "sha256:06b19a650471781056c1a2172eeeeb777b8b516e9434005dd392a4559e0938b9",
                "sha256:35d042d6499caf1a5d171baed0ebf01eb665b7af2ad98a8ff1b0e6e783654540",
                "sha256:57a0f2be3063dbe1e3daf31ec9005576e8fd1022a28159d0db71d14566899d16",
                "sha256:5e0bb43ff581811ab7f27425f6b96c1ddf7591ccad2e486c9af0b910c18f7185",
                "sha256:71742889393a724dfce755b6b61228677873d269a4234e51ddaf08b998433c91",
                "sha256:7908c85854c5b5b6d3ce7fefafac1ca3e23ff9ac41edabc2d46ae5dc9fa070ac",
                "sha256:81859ed3aad620752dd2c07c32b5d3a80a0d47c5e3813904621954a78a0ae899",
                "sha256:8302d69fb1528ea7c7f2a1ea640d354c981b6eb8192d1c175349874209397604",
                "sha256:9323d268775991b79690f7b9a28a4e8b8c4f2b160ed9f8a90123127314e2d3c1",
                "sha256:b4858ccbd88f4b53950fb9fc0069c1d9fea83d7cff2382e1d8b023d3f4883014",
                "sha256:c05c6fe76228cc13c5214e9faf5f2a871a1da54473bc417ab9da310d0e5fff8b",
                "sha256:c06e731aa46c0dfc563cc636155758178ebc019ef78b9b0f4370effe2ac0f0e6",
                "sha256:eb46d8b5947ca27b0bc972cecfba8130f088a83ab3d08c1a6033d9070b3046b3",
                "sha256:fff15df01bef1243468be60c55178ed7576270b200aab08a7ffd5b8e0bbc340c"
            ],
            "index": "pypi",
            "version": "==1.5.1"
        },
        "six": {
            "hashes": [
                "sha256:1e61c37477a1626458e36f7b1d82aa5c9b094fa4802892072e49de9c60c4c926",
                "sha256:8abb2f1d86890a2dfb989f9a77cfcfd3e47c2a354b01111771326f8aa26e0254"
            ],
            "markers": "python_version >= '2.7' and python_version not in '3.0, 3.1, 3.2, 3.3'",
            "version": "==1.16.0"
        }
    },
    "develop": {
        "astroid": {
            "hashes": [
                "sha256:87ae7f2398b8a0ae5638ddecf9987f081b756e0e9fc071aeebdca525671fc4dc",
                "sha256:b31c92f545517dcc452f284bc9c044050862fbe6d93d2b3de4a215a6b384bf0d"
            ],
            "markers": "python_version >= '3.6'",
            "version": "==2.5"
        },
        "isort": {
            "hashes": [
                "sha256:54da7e92468955c4fceacd0c86bd0ec997b0e1ee80d97f67c35a78b719dccab1",
                "sha256:6e811fcb295968434526407adb8796944f1988c5b65e8139058f2014cbe100fd"
            ],
            "markers": "python_version >= '2.7' and python_version not in '3.0, 3.1, 3.2, 3.3'",
            "version": "==4.3.21"
        },
        "lazy-object-proxy": {
            "hashes": [
                "sha256:043651b6cb706eee4f91854da4a089816a6606c1428fd391573ef8cb642ae4f7",
                "sha256:07fa44286cda977bd4803b656ffc1c9b7e3bc7dff7d34263446aec8f8c96f88a",
                "sha256:12f3bb77efe1367b2515f8cb4790a11cffae889148ad33adad07b9b55e0ab22c",
                "sha256:2052837718516a94940867e16b1bb10edb069ab475c3ad84fd1e1a6dd2c0fcfc",
                "sha256:2130db8ed69a48a3440103d4a520b89d8a9405f1b06e2cc81640509e8bf6548f",
                "sha256:39b0e26725c5023757fc1ab2a89ef9d7ab23b84f9251e28f9cc114d5b59c1b09",
                "sha256:46ff647e76f106bb444b4533bb4153c7370cdf52efc62ccfc1a28bdb3cc95442",
                "sha256:4dca6244e4121c74cc20542c2ca39e5c4a5027c81d112bfb893cf0790f96f57e",
                "sha256:553b0f0d8dbf21890dd66edd771f9b1b5f51bd912fa5f26de4449bfc5af5e029",
                "sha256:677ea950bef409b47e51e733283544ac3d660b709cfce7b187f5ace137960d61",
                "sha256:6a24357267aa976abab660b1d47a34aaf07259a0c3859a34e536f1ee6e76b5bb",
                "sha256:6a6e94c7b02641d1311228a102607ecd576f70734dc3d5e22610111aeacba8a0",
                "sha256:6aff3fe5de0831867092e017cf67e2750c6a1c7d88d84d2481bd84a2e019ec35",
                "sha256:6ecbb350991d6434e1388bee761ece3260e5228952b1f0c46ffc800eb313ff42",
                "sha256:7096a5e0c1115ec82641afbdd70451a144558ea5cf564a896294e346eb611be1",
                "sha256:70ed0c2b380eb6248abdef3cd425fc52f0abd92d2b07ce26359fcbc399f636ad",
                "sha256:8561da8b3dd22d696244d6d0d5330618c993a215070f473b699e00cf1f3f6443",
                "sha256:85b232e791f2229a4f55840ed54706110c80c0a210d076eee093f2b2e33e1bfd",
                "sha256:898322f8d078f2654d275124a8dd19b079080ae977033b713f677afcfc88e2b9",
                "sha256:8f3953eb575b45480db6568306893f0bd9d8dfeeebd46812aa09ca9579595148",
                "sha256:91ba172fc5b03978764d1df5144b4ba4ab13290d7bab7a50f12d8117f8630c38",
                "sha256:9d166602b525bf54ac994cf833c385bfcc341b364e3ee71e3bf5a1336e677b55",
                "sha256:a57d51ed2997e97f3b8e3500c984db50a554bb5db56c50b5dab1b41339b37e36",
                "sha256:b9e89b87c707dd769c4ea91f7a31538888aad05c116a59820f28d59b3ebfe25a",
                "sha256:bb8c5fd1684d60a9902c60ebe276da1f2281a318ca16c1d0a96db28f62e9166b",
                "sha256:c19814163728941bb871240d45c4c30d33b8a2e85972c44d4e63dd7107faba44",
                "sha256:c4ce15276a1a14549d7e81c243b887293904ad2d94ad767f42df91e75fd7b5b6",
                "sha256:c7a683c37a8a24f6428c28c561c80d5f4fd316ddcf0c7cab999b15ab3f5c5c69",
                "sha256:d609c75b986def706743cdebe5e47553f4a5a1da9c5ff66d76013ef396b5a8a4",
                "sha256:d66906d5785da8e0be7360912e99c9188b70f52c422f9fc18223347235691a84",
                "sha256:dd7ed7429dbb6c494aa9bc4e09d94b778a3579be699f9d67da7e6804c422d3de",
                "sha256:df2631f9d67259dc9620d831384ed7732a198eb434eadf69aea95ad18c587a28",
                "sha256:e368b7f7eac182a59ff1f81d5f3802161932a41dc1b1cc45c1f757dc876b5d2c",
                "sha256:e40f2013d96d30217a51eeb1db28c9ac41e9d0ee915ef9d00da639c5b63f01a1",
                "sha256:f769457a639403073968d118bc70110e7dce294688009f5c24ab78800ae56dc8",
                "sha256:fccdf7c2c5821a8cbd0a9440a456f5050492f2270bd54e94360cac663398739b",
                "sha256:fd45683c3caddf83abbb1249b653a266e7069a09f486daa8863fb0e7496a9fdb"
            ],
            "markers": "python_version >= '3.6'",
            "version": "==1.7.1"
        },
        "mccabe": {
            "hashes": [
                "sha256:ab8a6258860da4b6677da4bd2fe5dc2c659cff31b3ee4f7f5d64e79735b80d42",
                "sha256:dd8d182285a0fe56bace7f45b5e7d1a6ebcbf524e8f3bd87eb0f125271b8831f"
            ],
            "version": "==0.6.1"
        },
        "pycodestyle": {
            "hashes": [
                "sha256:2295e7b2f6b5bd100585ebcb1f616591b652db8a741695b3d8f5d28bdc934367",
                "sha256:c58a7d2815e0e8d7972bf1803331fb0152f867bd89adf8a01dfd55085434192e"
            ],
            "index": "pypi",
            "version": "==2.6.0"
        },
        "pylint": {
            "hashes": [
                "sha256:7dd78437f2d8d019717dbf287772d0b2dbdfd13fc016aa7faa08d67bccc46adc",
                "sha256:d0ece7d223fe422088b0e8f13fa0a1e8eb745ebffcb8ed53d3e95394b6101a1c"
            ],
            "index": "pypi",
            "version": "==2.5.3"
        },
        "toml": {
            "hashes": [
                "sha256:806143ae5bfb6a3c6e736a764057db0e6a0e05e338b5630894a5f779cabb4f9b",
                "sha256:b3bda1d108d5dd99f4a20d24d9c348e91c4db7ab1b749200bded2f839ccbe68f"
            ],
            "markers": "python_version >= '2.6' and python_version not in '3.0, 3.1, 3.2, 3.3'",
            "version": "==0.10.2"
        },
        "wrapt": {
            "hashes": [
                "sha256:b62ffa81fb85f4332a4f609cab4ac40709470da05643a082ec1eb88e6d9b97d7"
            ],
            "version": "==1.12.1"
        }
    }
}
